{
  "requires": true,
  "lockfileVersion": 1,
  "dependencies": {
    "propdoc": {
      "version": "0.9.3",
      "resolved": "https://registry.npmjs.org/propdoc/-/propdoc-0.9.3.tgz",
      "integrity": "sha512-pt/2w96r2v6RXWJBUAoDAKCQGUtAGtOGUlzrLV0hleWHoMJ+vKQjWxSTVYXh3hKARv7+C9+fWPFrirgco80Hzw=="
    }
  }
}
